
Microsoft Visual Studio Solution File, Format Version 12.00
# Visual Studio 15
Project("{FAE04EC0-301F-11D3-BF4B-00C04F79EFBC}") = "Assembly-CSharp", "Assembly-CSharp.csproj", "{993EB491-ACCA-75A9-7E1F-12C8A1E8321E}"
EndProject
Project("{FAE04EC0-301F-11D3-BF4B-00C04F79EFBC}") = "Assembly-CSharp-Editor", "Assembly-CSharp-Editor.csproj", "{49F030B5-D163-5648-EDCA-2BD76424F842}"
EndProject
Global
	GlobalSection(SolutionConfigurationPlatforms) = preSolution
		Debug|Any CPU = Debug|Any CPU
		Release|Any CPU = Release|Any CPU
	EndGlobalSection
	GlobalSection(ProjectConfigurationPlatforms) = postSolution
		{993EB491-ACCA-75A9-7E1F-12C8A1E8321E}.Debug|Any CPU.ActiveCfg = Debug|Any CPU
		{993EB491-ACCA-75A9-7E1F-12C8A1E8321E}.Debug|Any CPU.Build.0 = Debug|Any CPU
		{993EB491-ACCA-75A9-7E1F-12C8A1E8321E}.Release|Any CPU.ActiveCfg = Release|Any CPU
		{993EB491-ACCA-75A9-7E1F-12C8A1E8321E}.Release|Any CPU.Build.0 = Release|Any CPU
		{49F030B5-D163-5648-EDCA-2BD76424F842}.Debug|Any CPU.ActiveCfg = Debug|Any CPU
		{49F030B5-D163-5648-EDCA-2BD76424F842}.Debug|Any CPU.Build.0 = Debug|Any CPU
		{49F030B5-D163-5648-EDCA-2BD76424F842}.Release|Any CPU.ActiveCfg = Release|Any CPU
		{49F030B5-D163-5648-EDCA-2BD76424F842}.Release|Any CPU.Build.0 = Release|Any CPU
	EndGlobalSection
	GlobalSection(SolutionProperties) = preSolution
		HideSolutionNode = FALSE
	EndGlobalSection
EndGlobal
